
Microsoft Visual Studio Solution File, Format Version 12.00
# Visual Studio 14
VisualStudioVersion = 14.0.25420.1
MinimumVisualStudioVersion = 10.0.40219.1
Project("{FAE04EC0-301F-11D3-BF4B-00C04F79EFBC}") = "2. TODO List", "2. TODO List\2. TODO List.csproj", "{F3A971CE-15E1-47C7-9D5C-A6577ED858ED}"
EndProject
Global
	GlobalSection(SolutionConfigurationPlatforms) = preSolution
		Debug|Any CPU = Debug|Any CPU
		Release|Any CPU = Release|Any CPU
	EndGlobalSection
	GlobalSection(ProjectConfigurationPlatforms) = postSolution
		{F3A971CE-15E1-47C7-9D5C-A6577ED858ED}.Debug|Any CPU.ActiveCfg = Debug|Any CPU
		{F3A971CE-15E1-47C7-9D5C-A6577ED858ED}.Debug|Any CPU.Build.0 = Debug|Any CPU
		{F3A971CE-15E1-47C7-9D5C-A6577ED858ED}.Release|Any CPU.ActiveCfg = Release|Any CPU
		{F3A971CE-15E1-47C7-9D5C-A6577ED858ED}.Release|Any CPU.Build.0 = Release|Any CPU
	EndGlobalSection
	GlobalSection(SolutionProperties) = preSolution
		HideSolutionNode = FALSE
	EndGlobalSection
EndGlobal
